
Microsoft Visual Studio Solution File, Format Version 10.00
# Visual Basic Express 2008
Project("{F184B08F-C81C-45F6-A57F-5ABD9991F28F}") = "Proyecto1", "Proyecto1.vbproj", "{BD58F91E-1314-41D2-9721-C62C3D5A8186}"
EndProject
Global
	GlobalSection(SolutionConfigurationPlatforms) = preSolution
		Debug|Any CPU = Debug|Any CPU
		Release|Any CPU = Release|Any CPU
	EndGlobalSection
	GlobalSection(ProjectConfigurationPlatforms) = postSolution
		{BD58F91E-1314-41D2-9721-C62C3D5A8186}.Debug|Any CPU.ActiveCfg = Debug|Any CPU
		{BD58F91E-1314-41D2-9721-C62C3D5A8186}.Debug|Any CPU.Build.0 = Debug|Any CPU
		{BD58F91E-1314-41D2-9721-C62C3D5A8186}.Release|Any CPU.ActiveCfg = Release|Any CPU
		{BD58F91E-1314-41D2-9721-C62C3D5A8186}.Release|Any CPU.Build.0 = Release|Any CPU
	EndGlobalSection
	GlobalSection(SolutionProperties) = preSolution
		HideSolutionNode = FALSE
	EndGlobalSection
EndGlobal
